
Microsoft Visual Studio Solution File, Format Version 11.00
# Visual Studio 2010
Project("{FAE04EC0-301F-11D3-BF4B-00C04F79EFBC}") = "Assembly-CSharp", "Assembly-CSharp.csproj", "{43c3f3d8-68c0-600a-647d-c4887e06f345}"
EndProject
Project("{FAE04EC0-301F-11D3-BF4B-00C04F79EFBC}") = "Tests", "Tests.csproj", "{e88f3a64-dbd9-050a-ecd3-f02c21b5d4e2}"
EndProject
Global
	GlobalSection(SolutionConfigurationPlatforms) = preSolution
		Debug|Any CPU = Debug|Any CPU
	EndGlobalSection
	GlobalSection(ProjectConfigurationPlatforms) = postSolution
		{43c3f3d8-68c0-600a-647d-c4887e06f345}.Debug|Any CPU.ActiveCfg = Debug|Any CPU
		{43c3f3d8-68c0-600a-647d-c4887e06f345}.Debug|Any CPU.Build.0 = Debug|Any CPU
		{e88f3a64-dbd9-050a-ecd3-f02c21b5d4e2}.Debug|Any CPU.ActiveCfg = Debug|Any CPU
		{e88f3a64-dbd9-050a-ecd3-f02c21b5d4e2}.Debug|Any CPU.Build.0 = Debug|Any CPU
	EndGlobalSection
	GlobalSection(SolutionProperties) = preSolution
		HideSolutionNode = FALSE
	EndGlobalSection
EndGlobal
